# This file is autogenerated, do not edit; changes may be undone by the next 'dep ensure'.


[[projects]]
  branch = "default"
  name = "bitbucket.org/ww/goautoneg"
  packages = ["."]
  revision = "75cd24fc2f2c2a2088577d12123ddee5f54e0675"

[[projects]]
  name = "github.com/beorn7/perks"
  packages = ["quantile"]
  revision = "3ac7bf7a47d159a033b107610db8a1b6575507a4"

[[projects]]
  name = "github.com/fatih/structs"
  packages = ["."]
  revision = "dc3312cb1a4513a366c4c9e622ad55c32df12ed3"

[[projects]]
  name = "github.com/golang/protobuf"
  packages = ["proto"]
  revision = "8616e8ee5e20a1704615e6c8d7afcdac06087a67"

[[projects]]
  branch = "master"
  name = "github.com/hashicorp/errwrap"
  packages = ["."]
  revision = "7554cd9344cec97297fa6649b055a8c98c2a1e55"

[[projects]]
  name = "github.com/hashicorp/go-cleanhttp"
  packages = ["."]
  revision = "ad28ea4487f05916463e2423a55166280e8254b5"

[[projects]]
  name = "github.com/hashicorp/go-multierror"
  packages = ["."]
  revision = "8c5f0ad9360406a3807ce7de6bc73269a91a6e51"

[[projects]]
  branch = "master"
  name = "github.com/hashicorp/go-rootcerts"
  packages = ["."]
  revision = "6bb64b370b90e7ef1fa532be9e591a81c3493e00"

[[projects]]
  name = "github.com/hashicorp/hcl"
  packages = [".","hcl/ast","hcl/parser","hcl/scanner","hcl/strconv","hcl/token","json/parser","json/scanner","json/token"]
  revision = "d8c773c4cba11b11539e3d45f93daeaa5dcf1fa1"

[[projects]]
  name = "github.com/hashicorp/vault"
  packages = ["api","helper/compressutil","helper/jsonutil"]
  revision = "22619b6786724c8eca5340a63395bf3058e1e3f7"
  version = "v0.6.2"

[[projects]]
  name = "github.com/matttproud/golang_protobuf_extensions"
  packages = ["pbutil"]
  revision = "fc2b8d3a73c4867e51861bbdd5ae3c1f0869dd6a"

[[projects]]
  name = "github.com/mitchellh/go-homedir"
  packages = ["."]
  revision = "756f7b183b7ab78acdbbee5c7f392838ed459dda"

[[projects]]
  name = "github.com/mitchellh/mapstructure"
  packages = ["."]
  revision = "740c764bc6149d3f1806231418adb9f52c11bcbf"

[[projects]]
  name = "github.com/prometheus/client_golang"
  packages = ["prometheus"]
  revision = "c5b7fccd204277076155f10851dad72b76a49317"
  version = "v0.8.0"

[[projects]]
  name = "github.com/prometheus/client_model"
  packages = ["go"]
  revision = "fa8ad6fec33561be4280a8f0514318c79d7f6cb6"

[[projects]]
  name = "github.com/prometheus/common"
  packages = ["expfmt","model"]
  revision = "ffe929a3f4c4faeaa10f2b9535c2b1be3ad15650"

[[projects]]
  name = "github.com/prometheus/procfs"
  packages = ["."]
  revision = "454a56f35412459b5e684fd5ec0f9211b94f002a"

[[projects]]
  name = "github.com/sethgrid/pester"
  packages = ["."]
  revision = "2a102734c18c43c74fd0664e06cd414cf9602b93"

[solve-meta]
  analyzer-name = "dep"
  analyzer-version = 1
  inputs-digest = "1bff332d7ed810cc4a5e19c892abf1a2c3a056b15680cb08b796e089b1321b0b"
  solver-name = "gps-cdcl"
  solver-version = 1
